
Microsoft Visual Studio Solution File, Format Version 12.00
# Visual Studio Version 16
VisualStudioVersion = 16.0.31613.86
MinimumVisualStudioVersion = 10.0.40219.1
Project("{9A19103F-16F7-4668-BE54-9A1E7A4F7556}") = "SEDC.Lamazon", "SEDC.Lamazon.csproj", "{35147973-9F7E-41E1-8E77-3EB00DD20555}"
EndProject
Project("{9A19103F-16F7-4668-BE54-9A1E7A4F7556}") = "SEDC.Lamazon.DataAccess", "..\SEDC.Lamazon.DataAccess\SEDC.Lamazon.DataAccess.csproj", "{C1439C02-4A06-4DF2-A446-DF546098ACAA}"
EndProject
Project("{9A19103F-16F7-4668-BE54-9A1E7A4F7556}") = "SEDC.Lamazon.Domain", "..\SEDC.Lamazon.Domain\SEDC.Lamazon.Domain.csproj", "{3EA3F223-6859-4451-A6E1-D80146F81DCE}"
EndProject
Project("{9A19103F-16F7-4668-BE54-9A1E7A4F7556}") = "SEDC.Lamazon.Services", "..\SEDC.Lamazon.Services\SEDC.Lamazon.Services.csproj", "{3059085F-C5A0-4213-958E-2B4B084159E5}"
EndProject
Project("{FAE04EC0-301F-11D3-BF4B-00C04F79EFBC}") = "SEDC.Lamazon.WebModels", "..\SEDC.Lamazon.WebModels\SEDC.Lamazon.WebModels.csproj", "{B45641A2-E5F7-4BB5-BFF0-885621DC4C74}"
EndProject
Global
	GlobalSection(SolutionConfigurationPlatforms) = preSolution
		Debug|Any CPU = Debug|Any CPU
		Release|Any CPU = Release|Any CPU
	EndGlobalSection
	GlobalSection(ProjectConfigurationPlatforms) = postSolution
		{35147973-9F7E-41E1-8E77-3EB00DD20555}.Debug|Any CPU.ActiveCfg = Debug|Any CPU
		{35147973-9F7E-41E1-8E77-3EB00DD20555}.Debug|Any CPU.Build.0 = Debug|Any CPU
		{35147973-9F7E-41E1-8E77-3EB00DD20555}.Release|Any CPU.ActiveCfg = Release|Any CPU
		{35147973-9F7E-41E1-8E77-3EB00DD20555}.Release|Any CPU.Build.0 = Release|Any CPU
		{C1439C02-4A06-4DF2-A446-DF546098ACAA}.Debug|Any CPU.ActiveCfg = Debug|Any CPU
		{C1439C02-4A06-4DF2-A446-DF546098ACAA}.Debug|Any CPU.Build.0 = Debug|Any CPU
		{C1439C02-4A06-4DF2-A446-DF546098ACAA}.Release|Any CPU.ActiveCfg = Release|Any CPU
		{C1439C02-4A06-4DF2-A446-DF546098ACAA}.Release|Any CPU.Build.0 = Release|Any CPU
		{3EA3F223-6859-4451-A6E1-D80146F81DCE}.Debug|Any CPU.ActiveCfg = Debug|Any CPU
		{3EA3F223-6859-4451-A6E1-D80146F81DCE}.Debug|Any CPU.Build.0 = Debug|Any CPU
		{3EA3F223-6859-4451-A6E1-D80146F81DCE}.Release|Any CPU.ActiveCfg = Release|Any CPU
		{3EA3F223-6859-4451-A6E1-D80146F81DCE}.Release|Any CPU.Build.0 = Release|Any CPU
		{3059085F-C5A0-4213-958E-2B4B084159E5}.Debug|Any CPU.ActiveCfg = Debug|Any CPU
		{3059085F-C5A0-4213-958E-2B4B084159E5}.Debug|Any CPU.Build.0 = Debug|Any CPU
		{3059085F-C5A0-4213-958E-2B4B084159E5}.Release|Any CPU.ActiveCfg = Release|Any CPU
		{3059085F-C5A0-4213-958E-2B4B084159E5}.Release|Any CPU.Build.0 = Release|Any CPU
		{B45641A2-E5F7-4BB5-BFF0-885621DC4C74}.Debug|Any CPU.ActiveCfg = Debug|Any CPU
		{B45641A2-E5F7-4BB5-BFF0-885621DC4C74}.Debug|Any CPU.Build.0 = Debug|Any CPU
		{B45641A2-E5F7-4BB5-BFF0-885621DC4C74}.Release|Any CPU.ActiveCfg = Release|Any CPU
		{B45641A2-E5F7-4BB5-BFF0-885621DC4C74}.Release|Any CPU.Build.0 = Release|Any CPU
	EndGlobalSection
	GlobalSection(SolutionProperties) = preSolution
		HideSolutionNode = FALSE
	EndGlobalSection
	GlobalSection(ExtensibilityGlobals) = postSolution
		SolutionGuid = {3D63924A-E8EC-4440-8CB6-69364E3DC88D}
	EndGlobalSection
EndGlobal
