
Microsoft Visual Studio Solution File, Format Version 12.00
# Visual Studio Version 16
VisualStudioVersion = 16.0.31613.86
MinimumVisualStudioVersion = 10.0.40219.1
Project("{FAE04EC0-301F-11D3-BF4B-00C04F79EFBC}") = "SEDC.Lamazon", "SEDC.Lamazon.csproj", "{20226F86-16AE-4CCB-AFA5-8A8A9DFEC008}"
EndProject
Global
	GlobalSection(SolutionConfigurationPlatforms) = preSolution
		Debug|Any CPU = Debug|Any CPU
		Release|Any CPU = Release|Any CPU
	EndGlobalSection
	GlobalSection(ProjectConfigurationPlatforms) = postSolution
		{20226F86-16AE-4CCB-AFA5-8A8A9DFEC008}.Debug|Any CPU.ActiveCfg = Debug|Any CPU
		{20226F86-16AE-4CCB-AFA5-8A8A9DFEC008}.Debug|Any CPU.Build.0 = Debug|Any CPU
		{20226F86-16AE-4CCB-AFA5-8A8A9DFEC008}.Release|Any CPU.ActiveCfg = Release|Any CPU
		{20226F86-16AE-4CCB-AFA5-8A8A9DFEC008}.Release|Any CPU.Build.0 = Release|Any CPU
	EndGlobalSection
	GlobalSection(SolutionProperties) = preSolution
		HideSolutionNode = FALSE
	EndGlobalSection
	GlobalSection(ExtensibilityGlobals) = postSolution
		SolutionGuid = {78BADAAD-7511-4C6C-937A-02FF1B8464D4}
	EndGlobalSection
EndGlobal
